// !$*UTF8*$!
{
	archiveVersion = 1;
	classes = {
	};
	objectVersion = 50;
	objects = {

/* Begin PBXBuildFile section */
		7BAA3242CF2D14ADA50EAA11 /* Pods_swiftProject.framework in Frameworks */ = {isa = PBXBuildFile; fileRef = 110C30D9BC7DB68E55B200B2 /* Pods_swiftProject.framework */; };
		E730C8AD20B7EC6D002E8532 /* BoardViewController.swift in Sources */ = {isa = PBXBuildFile; fileRef = E730C8AC20B7EC6D002E8532 /* BoardViewController.swift */; };
		E7692D3720B7D8DF000E2BB0 /* IndexModel.swift in Sources */ = {isa = PBXBuildFile; fileRef = E7692D3620B7D8DF000E2BB0 /* IndexModel.swift */; };
		E7692D3A20B7D905000E2BB0 /* Common.swift in Sources */ = {isa = PBXBuildFile; fileRef = E7692D3920B7D905000E2BB0 /* Common.swift */; };
		E7692D3E20B7D9E5000E2BB0 /* manhuarenHeader.swift in Sources */ = {isa = PBXBuildFile; fileRef = E7692D3D20B7D9E5000E2BB0 /* manhuarenHeader.swift */; };
		E7692D4020B7E0AA000E2BB0 /* YQTabBarViewController.swift in Sources */ = {isa = PBXBuildFile; fileRef = E7692D3F20B7E0AA000E2BB0 /* YQTabBarViewController.swift */; };
		E7692D4220B7E0ED000E2BB0 /* YQIndexViewController.swift in Sources */ = {isa = PBXBuildFile; fileRef = E7692D4120B7E0ED000E2BB0 /* YQIndexViewController.swift */; };
		E7692D4420B7E0F8000E2BB0 /* YQNovelViewController.swift in Sources */ = {isa = PBXBuildFile; fileRef = E7692D4320B7E0F8000E2BB0 /* YQNovelViewController.swift */; };
		E7692D4620B7E10D000E2BB0 /* YQCircleViewController.swift in Sources */ = {isa = PBXBuildFile; fileRef = E7692D4520B7E10D000E2BB0 /* YQCircleViewController.swift */; };
		E7692D4820B7E127000E2BB0 /* YQShelfViewController.swift in Sources */ = {isa = PBXBuildFile; fileRef = E7692D4720B7E127000E2BB0 /* YQShelfViewController.swift */; };
		E7692D4A20B7E131000E2BB0 /* YQUserViewController.swift in Sources */ = {isa = PBXBuildFile; fileRef = E7692D4920B7E131000E2BB0 /* YQUserViewController.swift */; };
		E794F83220B6C70E00D96791 /* AppDelegate.swift in Sources */ = {isa = PBXBuildFile; fileRef = E794F83120B6C70E00D96791 /* AppDelegate.swift */; };
		E794F83420B6C70E00D96791 /* ViewController.swift in Sources */ = {isa = PBXBuildFile; fileRef = E794F83320B6C70E00D96791 /* ViewController.swift */; };
		E794F83720B6C70E00D96791 /* Main.storyboard in Resources */ = {isa = PBXBuildFile; fileRef = E794F83520B6C70E00D96791 /* Main.storyboard */; };
		E794F83920B6C70F00D96791 /* Assets.xcassets in Resources */ = {isa = PBXBuildFile; fileRef = E794F83820B6C70F00D96791 /* Assets.xcassets */; };
		E794F83C20B6C70F00D96791 /* LaunchScreen.storyboard in Resources */ = {isa = PBXBuildFile; fileRef = E794F83A20B6C70F00D96791 /* LaunchScreen.storyboard */; };
		E794F84720B6C70F00D96791 /* swiftProjectTests.swift in Sources */ = {isa = PBXBuildFile; fileRef = E794F84620B6C70F00D96791 /* swiftProjectTests.swift */; };
		E794F85220B6C70F00D96791 /* swiftProjectUITests.swift in Sources */ = {isa = PBXBuildFile; fileRef = E794F85120B6C70F00D96791 /* swiftProjectUITests.swift */; };
		E794F86620B6D4B600D96791 /* NetWorkManager.swift in Sources */ = {isa = PBXBuildFile; fileRef = E794F86520B6D4B600D96791 /* NetWorkManager.swift */; };
/* End PBXBuildFile section */

/* Begin PBXContainerItemProxy section */
		E794F84320B6C70F00D96791 /* PBXContainerItemProxy */ = {
			isa = PBXContainerItemProxy;
			containerPortal = E794F82620B6C70E00D96791 /* Project object */;
			proxyType = 1;
			remoteGlobalIDString = E794F82D20B6C70E00D96791;
			remoteInfo = swiftProject;
		};
		E794F84E20B6C70F00D96791 /* PBXContainerItemProxy */ = {
			isa = PBXContainerItemProxy;
			containerPortal = E794F82620B6C70E00D96791 /* Project object */;
			proxyType = 1;
			remoteGlobalIDString = E794F82D20B6C70E00D96791;
			remoteInfo = swiftProject;
		};
/* End PBXContainerItemProxy section */

/* Begin PBXFileReference section */
		110C30D9BC7DB68E55B200B2 /* Pods_swiftProject.framework */ = {isa = PBXFileReference; explicitFileType = wrapper.framework; includeInIndex = 0; path = Pods_swiftProject.framework; sourceTree = BUILT_PRODUCTS_DIR; };
		38981965C313F0D198AD9EAE /* Pods-swiftProject.release.xcconfig */ = {isa = PBXFileReference; includeInIndex = 1; lastKnownFileType = text.xcconfig; name = "Pods-swiftProject.release.xcconfig"; path = "Pods/Target Support Files/Pods-swiftProject/Pods-swiftProject.release.xcconfig"; sourceTree = "<group>"; };
		4C60C801F2623BEC36F04757 /* Pods_swiftProjectTests.framework */ = {isa = PBXFileReference; explicitFileType = wrapper.framework; includeInIndex = 0; path = Pods_swiftProjectTests.framework; sourceTree = BUILT_PRODUCTS_DIR; };
		79B643B4852A31E1BB50AB47 /* Pods-swiftProject.debug.xcconfig */ = {isa = PBXFileReference; includeInIndex = 1; lastKnownFileType = text.xcconfig; name = "Pods-swiftProject.debug.xcconfig"; path = "Pods/Target Support Files/Pods-swiftProject/Pods-swiftProject.debug.xcconfig"; sourceTree = "<group>"; };
		A42BA9CA0461C862EE89AAD2 /* Pods_swiftProjectUITests.framework */ = {isa = PBXFileReference; explicitFileType = wrapper.framework; includeInIndex = 0; path = Pods_swiftProjectUITests.framework; sourceTree = BUILT_PRODUCTS_DIR; };
		E730C8AC20B7EC6D002E8532 /* BoardViewController.swift */ = {isa = PBXFileReference; lastKnownFileType = sourcecode.swift; path = BoardViewController.swift; sourceTree = "<group>"; };
		E7692D3620B7D8DF000E2BB0 /* IndexModel.swift */ = {isa = PBXFileReference; lastKnownFileType = sourcecode.swift; path = IndexModel.swift; sourceTree = "<group>"; };
		E7692D3920B7D905000E2BB0 /* Common.swift */ = {isa = PBXFileReference; lastKnownFileType = sourcecode.swift; path = Common.swift; sourceTree = "<group>"; };
		E7692D3D20B7D9E5000E2BB0 /* manhuarenHeader.swift */ = {isa = PBXFileReference; lastKnownFileType = sourcecode.swift; path = manhuarenHeader.swift; sourceTree = "<group>"; };
		E7692D3F20B7E0AA000E2BB0 /* YQTabBarViewController.swift */ = {isa = PBXFileReference; lastKnownFileType = sourcecode.swift; path = YQTabBarViewController.swift; sourceTree = "<group>"; };
		E7692D4120B7E0ED000E2BB0 /* YQIndexViewController.swift */ = {isa = PBXFileReference; lastKnownFileType = sourcecode.swift; path = YQIndexViewController.swift; sourceTree = "<group>"; };
		E7692D4320B7E0F8000E2BB0 /* YQNovelViewController.swift */ = {isa = PBXFileReference; lastKnownFileType = sourcecode.swift; path = YQNovelViewController.swift; sourceTree = "<group>"; };
		E7692D4520B7E10D000E2BB0 /* YQCircleViewController.swift */ = {isa = PBXFileReference; lastKnownFileType = sourcecode.swift; path = YQCircleViewController.swift; sourceTree = "<group>"; };
		E7692D4720B7E127000E2BB0 /* YQShelfViewController.swift */ = {isa = PBXFileReference; lastKnownFileType = sourcecode.swift; path = YQShelfViewController.swift; sourceTree = "<group>"; };
		E7692D4920B7E131000E2BB0 /* YQUserViewController.swift */ = {isa = PBXFileReference; lastKnownFileType = sourcecode.swift; path = YQUserViewController.swift; sourceTree = "<group>"; };
		E794F82E20B6C70E00D96791 /* swiftProject.app */ = {isa = PBXFileReference; explicitFileType = wrapper.application; includeInIndex = 0; path = swiftProject.app; sourceTree = BUILT_PRODUCTS_DIR; };
		E794F83120B6C70E00D96791 /* AppDelegate.swift */ = {isa = PBXFileReference; lastKnownFileType = sourcecode.swift; path = AppDelegate.swift; sourceTree = "<group>"; };
		E794F83320B6C70E00D96791 /* ViewController.swift */ = {isa = PBXFileReference; lastKnownFileType = sourcecode.swift; path = ViewController.swift; sourceTree = "<group>"; };
		E794F83620B6C70E00D96791 /* Base */ = {isa = PBXFileReference; lastKnownFileType = file.storyboard; name = Base; path = Base.lproj/Main.storyboard; sourceTree = "<group>"; };
		E794F83820B6C70F00D96791 /* Assets.xcassets */ = {isa = PBXFileReference; lastKnownFileType = folder.assetcatalog; path = Assets.xcassets; sourceTree = "<group>"; };
		E794F83B20B6C70F00D96791 /* Base */ = {isa = PBXFileReference; lastKnownFileType = file.storyboard; name = Base; path = Base.lproj/LaunchScreen.storyboard; sourceTree = "<group>"; };
		E794F83D20B6C70F00D96791 /* Info.plist */ = {isa = PBXFileReference; lastKnownFileType = text.plist.xml; path = Info.plist; sourceTree = "<group>"; };
		E794F84220B6C70F00D96791 /* swiftProjectTests.xctest */ = {isa = PBXFileReference; explicitFileType = wrapper.cfbundle; includeInIndex = 0; path = swiftProjectTests.xctest; sourceTree = BUILT_PRODUCTS_DIR; };
		E794F84620B6C70F00D96791 /* swiftProjectTests.swift */ = {isa = PBXFileReference; lastKnownFileType = sourcecode.swift; path = swiftProjectTests.swift; sourceTree = "<group>"; };
		E794F84820B6C70F00D96791 /* Info.plist */ = {isa = PBXFileReference; lastKnownFileType = text.plist.xml; path = Info.plist; sourceTree = "<group>"; };
		E794F84D20B6C70F00D96791 /* swiftProjectUITests.xctest */ = {isa = PBXFileReference; explicitFileType = wrapper.cfbundle; includeInIndex = 0; path = swiftProjectUITests.xctest; sourceTree = BUILT_PRODUCTS_DIR; };
		E794F85120B6C70F00D96791 /* swiftProjectUITests.swift */ = {isa = PBXFileReference; lastKnownFileType = sourcecode.swift; path = swiftProjectUITests.swift; sourceTree = "<group>"; };
		E794F85320B6C70F00D96791 /* Info.plist */ = {isa = PBXFileReference; lastKnownFileType = text.plist.xml; path = Info.plist; sourceTree = "<group>"; };
		E794F86520B6D4B600D96791 /* NetWorkManager.swift */ = {isa = PBXFileReference; lastKnownFileType = sourcecode.swift; path = NetWorkManager.swift; sourceTree = "<group>"; };
/* End PBXFileReference section */

/* Begin PBXFrameworksBuildPhase section */
		E794F82B20B6C70E00D96791 /* Frameworks */ = {
			isa = PBXFrameworksBuildPhase;
			buildActionMask = 2147483647;
			files = (
				7BAA3242CF2D14ADA50EAA11 /* Pods_swiftProject.framework in Frameworks */,
			);
			runOnlyForDeploymentPostprocessing = 0;
		};
		E794F83F20B6C70F00D96791 /* Frameworks */ = {
			isa = PBXFrameworksBuildPhase;
			buildActionMask = 2147483647;
			files = (
			);
			runOnlyForDeploymentPostprocessing = 0;
		};
		E794F84A20B6C70F00D96791 /* Frameworks */ = {
			isa = PBXFrameworksBuildPhase;
			buildActionMask = 2147483647;
			files = (
			);
			runOnlyForDeploymentPostprocessing = 0;
		};
/* End PBXFrameworksBuildPhase section */

/* Begin PBXGroup section */
		28F499BD5348EA417AFEC685 /* Pods */ = {
			isa = PBXGroup;
			children = (
				79B643B4852A31E1BB50AB47 /* Pods-swiftProject.debug.xcconfig */,
				38981965C313F0D198AD9EAE /* Pods-swiftProject.release.xcconfig */,
			);
			name = Pods;
			sourceTree = "<group>";
		};
		B6850911A2B546A7EAE1BDB3 /* Frameworks */ = {
			isa = PBXGroup;
			children = (
				110C30D9BC7DB68E55B200B2 /* Pods_swiftProject.framework */,
				4C60C801F2623BEC36F04757 /* Pods_swiftProjectTests.framework */,
				A42BA9CA0461C862EE89AAD2 /* Pods_swiftProjectUITests.framework */,
			);
			name = Frameworks;
			sourceTree = "<group>";
		};
		E730C8AB20B7EB16002E8532 /* category */ = {
			isa = PBXGroup;
			children = (
				E730C8AC20B7EC6D002E8532 /* BoardViewController.swift */,
			);
			path = category;
			sourceTree = "<group>";
		};
		E7692D3820B7D8EE000E2BB0 /* comm */ = {
			isa = PBXGroup;
			children = (
				E7692D3920B7D905000E2BB0 /* Common.swift */,
				E7692D3D20B7D9E5000E2BB0 /* manhuarenHeader.swift */,
			);
			path = comm;
			sourceTree = "<group>";
		};
		E7692D4B20B7E392000E2BB0 /* resource */ = {
			isa = PBXGroup;
			children = (
				E7692D4C20B7E3A0000E2BB0 /* image */,
			);
			path = resource;
			sourceTree = "<group>";
		};
		E7692D4C20B7E3A0000E2BB0 /* image */ = {
			isa = PBXGroup;
			children = (
			);
			path = image;
			sourceTree = "<group>";
		};
		E794F82520B6C70E00D96791 = {
			isa = PBXGroup;
			children = (
				E794F83020B6C70E00D96791 /* swiftProject */,
				E794F84520B6C70F00D96791 /* swiftProjectTests */,
				E794F85020B6C70F00D96791 /* swiftProjectUITests */,
				E794F82F20B6C70E00D96791 /* Products */,
				28F499BD5348EA417AFEC685 /* Pods */,
				B6850911A2B546A7EAE1BDB3 /* Frameworks */,
			);
			sourceTree = "<group>";
		};
		E794F82F20B6C70E00D96791 /* Products */ = {
			isa = PBXGroup;
			children = (
				E794F82E20B6C70E00D96791 /* swiftProject.app */,
				E794F84220B6C70F00D96791 /* swiftProjectTests.xctest */,
				E794F84D20B6C70F00D96791 /* swiftProjectUITests.xctest */,
			);
			name = Products;
			sourceTree = "<group>";
		};
		E794F83020B6C70E00D96791 /* swiftProject */ = {
			isa = PBXGroup;
			children = (
				E730C8AB20B7EB16002E8532 /* category */,
				E7692D4B20B7E392000E2BB0 /* resource */,
				E7692D3820B7D8EE000E2BB0 /* comm */,
				E794F86220B6CD8900D96791 /* util */,
				E794F86120B6CD4100D96791 /* controller */,
				E794F86020B6CD3300D96791 /* view */,
				E794F85F20B6CD2600D96791 /* model */,
				E794F83120B6C70E00D96791 /* AppDelegate.swift */,
				E794F83320B6C70E00D96791 /* ViewController.swift */,
				E794F83520B6C70E00D96791 /* Main.storyboard */,
				E794F83820B6C70F00D96791 /* Assets.xcassets */,
				E794F83A20B6C70F00D96791 /* LaunchScreen.storyboard */,
				E794F83D20B6C70F00D96791 /* Info.plist */,
				E794F86420B6CDB200D96791 /* library */,
				E794F86320B6CD9A00D96791 /* framework */,
			);
			path = swiftProject;
			sourceTree = "<group>";
		};
		E794F84520B6C70F00D96791 /* swiftProjectTests */ = {
			isa = PBXGroup;
			children = (
				E794F84620B6C70F00D96791 /* swiftProjectTests.swift */,
				E794F84820B6C70F00D96791 /* Info.plist */,
			);
			path = swiftProjectTests;
			sourceTree = "<group>";
		};
		E794F85020B6C70F00D96791 /* swiftProjectUITests */ = {
			isa = PBXGroup;
			children = (
				E794F85120B6C70F00D96791 /* swiftProjectUITests.swift */,
				E794F85320B6C70F00D96791 /* Info.plist */,
			);
			path = swiftProjectUITests;
			sourceTree = "<group>";
		};
		E794F85F20B6CD2600D96791 /* model */ = {
			isa = PBXGroup;
			children = (
				E7692D3620B7D8DF000E2BB0 /* IndexModel.swift */,
			);
			path = model;
			sourceTree = "<group>";
		};
		E794F86020B6CD3300D96791 /* view */ = {
			isa = PBXGroup;
			children = (
			);
			path = view;
			sourceTree = "<group>";
		};
		E794F86120B6CD4100D96791 /* controller */ = {
			isa = PBXGroup;
			children = (
				E7692D3F20B7E0AA000E2BB0 /* YQTabBarViewController.swift */,
				E7692D4120B7E0ED000E2BB0 /* YQIndexViewController.swift */,
				E7692D4320B7E0F8000E2BB0 /* YQNovelViewController.swift */,
				E7692D4520B7E10D000E2BB0 /* YQCircleViewController.swift */,
				E7692D4720B7E127000E2BB0 /* YQShelfViewController.swift */,
				E7692D4920B7E131000E2BB0 /* YQUserViewController.swift */,
			);
			path = controller;
			sourceTree = "<group>";
		};
		E794F86220B6CD8900D96791 /* util */ = {
			isa = PBXGroup;
			children = (
				E794F86520B6D4B600D96791 /* NetWorkManager.swift */,
			);
			path = util;
			sourceTree = "<group>";
		};
		E794F86320B6CD9A00D96791 /* framework */ = {
			isa = PBXGroup;
			children = (
			);
			path = framework;
			sourceTree = "<group>";
		};
		E794F86420B6CDB200D96791 /* library */ = {
			isa = PBXGroup;
			children = (
			);
			path = library;
			sourceTree = "<group>";
		};
/* End PBXGroup section */

/* Begin PBXNativeTarget section */
		E794F82D20B6C70E00D96791 /* swiftProject */ = {
			isa = PBXNativeTarget;
			buildConfigurationList = E794F85620B6C70F00D96791 /* Build configuration list for PBXNativeTarget "swiftProject" */;
			buildPhases = (
				31262F6A0ED508D24996CF95 /* [CP] Check Pods Manifest.lock */,
				E794F82A20B6C70E00D96791 /* Sources */,
				E794F82B20B6C70E00D96791 /* Frameworks */,
				E794F82C20B6C70E00D96791 /* Resources */,
				20174FD29653E40541C83230 /* [CP] Embed Pods Frameworks */,
				202100108ED39A43FC6EEDB9 /* [CP] Copy Pods Resources */,
			);
			buildRules = (
			);
			dependencies = (
			);
			name = swiftProject;
			productName = swiftProject;
			productReference = E794F82E20B6C70E00D96791 /* swiftProject.app */;
			productType = "com.apple.product-type.application";
		};
		E794F84120B6C70F00D96791 /* swiftProjectTests */ = {
			isa = PBXNativeTarget;
			buildConfigurationList = E794F85920B6C70F00D96791 /* Build configuration list for PBXNativeTarget "swiftProjectTests" */;
			buildPhases = (
				E794F83E20B6C70F00D96791 /* Sources */,
				E794F83F20B6C70F00D96791 /* Frameworks */,
				E794F84020B6C70F00D96791 /* Resources */,
			);
			buildRules = (
			);
			dependencies = (
				E794F84420B6C70F00D96791 /* PBXTargetDependency */,
			);
			name = swiftProjectTests;
			productName = swiftProjectTests;
			productReference = E794F84220B6C70F00D96791 /* swiftProjectTests.xctest */;
			productType = "com.apple.product-type.bundle.unit-test";
		};
		E794F84C20B6C70F00D96791 /* swiftProjectUITests */ = {
			isa = PBXNativeTarget;
			buildConfigurationList = E794F85C20B6C70F00D96791 /* Build configuration list for PBXNativeTarget "swiftProjectUITests" */;
			buildPhases = (
				E794F84920B6C70F00D96791 /* Sources */,
				E794F84A20B6C70F00D96791 /* Frameworks */,
				E794F84B20B6C70F00D96791 /* Resources */,
			);
			buildRules = (
			);
			dependencies = (
				E794F84F20B6C70F00D96791 /* PBXTargetDependency */,
			);
			name = swiftProjectUITests;
			productName = swiftProjectUITests;
			productReference = E794F84D20B6C70F00D96791 /* swiftProjectUITests.xctest */;
			productType = "com.apple.product-type.bundle.ui-testing";
		};
/* End PBXNativeTarget section */

/* Begin PBXProject section */
		E794F82620B6C70E00D96791 /* Project object */ = {
			isa = PBXProject;
			attributes = {
				LastSwiftUpdateCheck = 0930;
				LastUpgradeCheck = 0930;
				ORGANIZATIONNAME = "施承皓";
				TargetAttributes = {
					E794F82D20B6C70E00D96791 = {
						CreatedOnToolsVersion = 9.3;
					};
					E794F84120B6C70F00D96791 = {
						CreatedOnToolsVersion = 9.3;
						TestTargetID = E794F82D20B6C70E00D96791;
					};
					E794F84C20B6C70F00D96791 = {
						CreatedOnToolsVersion = 9.3;
						TestTargetID = E794F82D20B6C70E00D96791;
					};
				};
			};
			buildConfigurationList = E794F82920B6C70E00D96791 /* Build configuration list for PBXProject "swiftProject" */;
			compatibilityVersion = "Xcode 9.3";
			developmentRegion = en;
			hasScannedForEncodings = 0;
			knownRegions = (
				en,
				Base,
			);
			mainGroup = E794F82520B6C70E00D96791;
			productRefGroup = E794F82F20B6C70E00D96791 /* Products */;
			projectDirPath = "";
			projectRoot = "";
			targets = (
				E794F82D20B6C70E00D96791 /* swiftProject */,
				E794F84120B6C70F00D96791 /* swiftProjectTests */,
				E794F84C20B6C70F00D96791 /* swiftProjectUITests */,
			);
		};
/* End PBXProject section */

/* Begin PBXResourcesBuildPhase section */
		E794F82C20B6C70E00D96791 /* Resources */ = {
			isa = PBXResourcesBuildPhase;
			buildActionMask = 2147483647;
			files = (
				E794F83C20B6C70F00D96791 /* LaunchScreen.storyboard in Resources */,
				E794F83920B6C70F00D96791 /* Assets.xcassets in Resources */,
				E794F83720B6C70E00D96791 /* Main.storyboard in Resources */,
			);
			runOnlyForDeploymentPostprocessing = 0;
		};
		E794F84020B6C70F00D96791 /* Resources */ = {
			isa = PBXResourcesBuildPhase;
			buildActionMask = 2147483647;
			files = (
			);
			runOnlyForDeploymentPostprocessing = 0;
		};
		E794F84B20B6C70F00D96791 /* Resources */ = {
			isa = PBXResourcesBuildPhase;
			buildActionMask = 2147483647;
			files = (
			);
			runOnlyForDeploymentPostprocessing = 0;
		};
/* End PBXResourcesBuildPhase section */

/* Begin PBXShellScriptBuildPhase section */
		20174FD29653E40541C83230 /* [CP] Embed Pods Frameworks */ = {
			isa = PBXShellScriptBuildPhase;
			buildActionMask = 2147483647;
			files = (
			);
			inputPaths = (
				"${SRCROOT}/Pods/Target Support Files/Pods-swiftProject/Pods-swiftProject-frameworks.sh",
				"${BUILT_PRODUCTS_DIR}/Alamofire/Alamofire.framework",
				"${BUILT_PRODUCTS_DIR}/HandyJSON/HandyJSON.framework",
			);
			name = "[CP] Embed Pods Frameworks";
			outputPaths = (
				"${TARGET_BUILD_DIR}/${FRAMEWORKS_FOLDER_PATH}/Alamofire.framework",
				"${TARGET_BUILD_DIR}/${FRAMEWORKS_FOLDER_PATH}/HandyJSON.framework",
			);
			runOnlyForDeploymentPostprocessing = 0;
			shellPath = /bin/sh;
			shellScript = "\"${SRCROOT}/Pods/Target Support Files/Pods-swiftProject/Pods-swiftProject-frameworks.sh\"\n";
			showEnvVarsInLog = 0;
		};
		202100108ED39A43FC6EEDB9 /* [CP] Copy Pods Resources */ = {
			isa = PBXShellScriptBuildPhase;
			buildActionMask = 2147483647;
			files = (
			);
			inputPaths = (
			);
			name = "[CP] Copy Pods Resources";
			outputPaths = (
			);
			runOnlyForDeploymentPostprocessing = 0;
			shellPath = /bin/sh;
			shellScript = "\"${SRCROOT}/Pods/Target Support Files/Pods-swiftProject/Pods-swiftProject-resources.sh\"\n";
			showEnvVarsInLog = 0;
		};
		31262F6A0ED508D24996CF95 /* [CP] Check Pods Manifest.lock */ = {
			isa = PBXShellScriptBuildPhase;
			buildActionMask = 2147483647;
			files = (
			);
			inputPaths = (
				"${PODS_PODFILE_DIR_PATH}/Podfile.lock",
				"${PODS_ROOT}/Manifest.lock",
			);
			name = "[CP] Check Pods Manifest.lock";
			outputPaths = (
				"$(DERIVED_FILE_DIR)/Pods-swiftProject-checkManifestLockResult.txt",
			);
			runOnlyForDeploymentPostprocessing = 0;
			shellPath = /bin/sh;
			shellScript = "diff \"${PODS_PODFILE_DIR_PATH}/Podfile.lock\" \"${PODS_ROOT}/Manifest.lock\" > /dev/null\nif [ $? != 0 ] ; then\n    # print error to STDERR\n    echo \"error: The sandbox is not in sync with the Podfile.lock. Run 'pod install' or update your CocoaPods installation.\" >&2\n    exit 1\nfi\n# This output is used by Xcode 'outputs' to avoid re-running this script phase.\necho \"SUCCESS\" > \"${SCRIPT_OUTPUT_FILE_0}\"\n";
			showEnvVarsInLog = 0;
		};
/* End PBXShellScriptBuildPhase section */

/* Begin PBXSourcesBuildPhase section */
		E794F82A20B6C70E00D96791 /* Sources */ = {
			isa = PBXSourcesBuildPhase;
			buildActionMask = 2147483647;
			files = (
				E7692D3720B7D8DF000E2BB0 /* IndexModel.swift in Sources */,
				E794F83420B6C70E00D96791 /* ViewController.swift in Sources */,
				E794F83220B6C70E00D96791 /* AppDelegate.swift in Sources */,
				E7692D3A20B7D905000E2BB0 /* Common.swift in Sources */,
				E7692D4020B7E0AA000E2BB0 /* YQTabBarViewController.swift in Sources */,
				E7692D4A20B7E131000E2BB0 /* YQUserViewController.swift in Sources */,
				E7692D3E20B7D9E5000E2BB0 /* manhuarenHeader.swift in Sources */,
				E7692D4620B7E10D000E2BB0 /* YQCircleViewController.swift in Sources */,
				E794F86620B6D4B600D96791 /* NetWorkManager.swift in Sources */,
				E7692D4820B7E127000E2BB0 /* YQShelfViewController.swift in Sources */,
				E730C8AD20B7EC6D002E8532 /* BoardViewController.swift in Sources */,
				E7692D4220B7E0ED000E2BB0 /* YQIndexViewController.swift in Sources */,
				E7692D4420B7E0F8000E2BB0 /* YQNovelViewController.swift in Sources */,
			);
			runOnlyForDeploymentPostprocessing = 0;
		};
		E794F83E20B6C70F00D96791 /* Sources */ = {
			isa = PBXSourcesBuildPhase;
			buildActionMask = 2147483647;
			files = (
				E794F84720B6C70F00D96791 /* swiftProjectTests.swift in Sources */,
			);
			runOnlyForDeploymentPostprocessing = 0;
		};
		E794F84920B6C70F00D96791 /* Sources */ = {
			isa = PBXSourcesBuildPhase;
			buildActionMask = 2147483647;
			files = (
				E794F85220B6C70F00D96791 /* swiftProjectUITests.swift in Sources */,
			);
			runOnlyForDeploymentPostprocessing = 0;
		};
/* End PBXSourcesBuildPhase section */

/* Begin PBXTargetDependency section */
		E794F84420B6C70F00D96791 /* PBXTargetDependency */ = {
			isa = PBXTargetDependency;
			target = E794F82D20B6C70E00D96791 /* swiftProject */;
			targetProxy = E794F84320B6C70F00D96791 /* PBXContainerItemProxy */;
		};
		E794F84F20B6C70F00D96791 /* PBXTargetDependency */ = {
			isa = PBXTargetDependency;
			target = E794F82D20B6C70E00D96791 /* swiftProject */;
			targetProxy = E794F84E20B6C70F00D96791 /* PBXContainerItemProxy */;
		};
/* End PBXTargetDependency section */

/* Begin PBXVariantGroup section */
		E794F83520B6C70E00D96791 /* Main.storyboard */ = {
			isa = PBXVariantGroup;
			children = (
				E794F83620B6C70E00D96791 /* Base */,
			);
			name = Main.storyboard;
			sourceTree = "<group>";
		};
		E794F83A20B6C70F00D96791 /* LaunchScreen.storyboard */ = {
			isa = PBXVariantGroup;
			children = (
				E794F83B20B6C70F00D96791 /* Base */,
			);
			name = LaunchScreen.storyboard;
			sourceTree = "<group>";
		};
/* End PBXVariantGroup section */

/* Begin XCBuildConfiguration section */
		E794F85420B6C70F00D96791 /* Debug */ = {
			isa = XCBuildConfiguration;
			buildSettings = {
				ALWAYS_SEARCH_USER_PATHS = NO;
				CLANG_ANALYZER_NONNULL = YES;
				CLANG_ANALYZER_NUMBER_OBJECT_CONVERSION = YES_AGGRESSIVE;
				CLANG_CXX_LANGUAGE_STANDARD = "gnu++14";
				CLANG_CXX_LIBRARY = "libc++";
				CLANG_ENABLE_MODULES = YES;
				CLANG_ENABLE_OBJC_ARC = YES;
				CLANG_ENABLE_OBJC_WEAK = YES;
				CLANG_WARN_BLOCK_CAPTURE_AUTORELEASING = YES;
				CLANG_WARN_BOOL_CONVERSION = YES;
				CLANG_WARN_COMMA = YES;
				CLANG_WARN_CONSTANT_CONVERSION = YES;
				CLANG_WARN_DEPRECATED_OBJC_IMPLEMENTATIONS = YES;
				CLANG_WARN_DIRECT_OBJC_ISA_USAGE = YES_ERROR;
				CLANG_WARN_DOCUMENTATION_COMMENTS = YES;
				CLANG_WARN_EMPTY_BODY = YES;
				CLANG_WARN_ENUM_CONVERSION = YES;
				CLANG_WARN_INFINITE_RECURSION = YES;
				CLANG_WARN_INT_CONVERSION = YES;
				CLANG_WARN_NON_LITERAL_NULL_CONVERSION = YES;
				CLANG_WARN_OBJC_IMPLICIT_RETAIN_SELF = YES;
				CLANG_WARN_OBJC_LITERAL_CONVERSION = YES;
				CLANG_WARN_OBJC_ROOT_CLASS = YES_ERROR;
				CLANG_WARN_RANGE_LOOP_ANALYSIS = YES;
				CLANG_WARN_STRICT_PROTOTYPES = YES;
				CLANG_WARN_SUSPICIOUS_MOVE = YES;
				CLANG_WARN_UNGUARDED_AVAILABILITY = YES_AGGRESSIVE;
				CLANG_WARN_UNREACHABLE_CODE = YES;
				CLANG_WARN__DUPLICATE_METHOD_MATCH = YES;
				CODE_SIGN_IDENTITY = "iPhone Developer";
				COPY_PHASE_STRIP = NO;
				DEBUG_INFORMATION_FORMAT = dwarf;
				ENABLE_STRICT_OBJC_MSGSEND = YES;
				ENABLE_TESTABILITY = YES;
				GCC_C_LANGUAGE_STANDARD = gnu11;
				GCC_DYNAMIC_NO_PIC = NO;
				GCC_NO_COMMON_BLOCKS = YES;
				GCC_OPTIMIZATION_LEVEL = 0;
				GCC_PREPROCESSOR_DEFINITIONS = (
					"DEBUG=1",
					"$(inherited)",
				);
				GCC_WARN_64_TO_32_BIT_CONVERSION = YES;
				GCC_WARN_ABOUT_RETURN_TYPE = YES_ERROR;
				GCC_WARN_UNDECLARED_SELECTOR = YES;
				GCC_WARN_UNINITIALIZED_AUTOS = YES_AGGRESSIVE;
				GCC_WARN_UNUSED_FUNCTION = YES;
				GCC_WARN_UNUSED_VARIABLE = YES;
				IPHONEOS_DEPLOYMENT_TARGET = 11.3;
				MTL_ENABLE_DEBUG_INFO = YES;
				ONLY_ACTIVE_ARCH = YES;
				SDKROOT = iphoneos;
				SWIFT_ACTIVE_COMPILATION_CONDITIONS = DEBUG;
				SWIFT_OPTIMIZATION_LEVEL = "-Onone";
			};
			name = Debug;
		};
		E794F85520B6C70F00D96791 /* Release */ = {
			isa = XCBuildConfiguration;
			buildSettings = {
				ALWAYS_SEARCH_USER_PATHS = NO;
				CLANG_ANALYZER_NONNULL = YES;
				CLANG_ANALYZER_NUMBER_OBJECT_CONVERSION = YES_AGGRESSIVE;
				CLANG_CXX_LANGUAGE_STANDARD = "gnu++14";
				CLANG_CXX_LIBRARY = "libc++";
				CLANG_ENABLE_MODULES = YES;
				CLANG_ENABLE_OBJC_ARC = YES;
				CLANG_ENABLE_OBJC_WEAK = YES;
				CLANG_WARN_BLOCK_CAPTURE_AUTORELEASING = YES;
				CLANG_WARN_BOOL_CONVERSION = YES;
				CLANG_WARN_COMMA = YES;
				CLANG_WARN_CONSTANT_CONVERSION = YES;
				CLANG_WARN_DEPRECATED_OBJC_IMPLEMENTATIONS = YES;
				CLANG_WARN_DIRECT_OBJC_ISA_USAGE = YES_ERROR;
				CLANG_WARN_DOCUMENTATION_COMMENTS = YES;
				CLANG_WARN_EMPTY_BODY = YES;
				CLANG_WARN_ENUM_CONVERSION = YES;
				CLANG_WARN_INFINITE_RECURSION = YES;
				CLANG_WARN_INT_CONVERSION = YES;
				CLANG_WARN_NON_LITERAL_NULL_CONVERSION = YES;
				CLANG_WARN_OBJC_IMPLICIT_RETAIN_SELF = YES;
				CLANG_WARN_OBJC_LITERAL_CONVERSION = YES;
				CLANG_WARN_OBJC_ROOT_CLASS = YES_ERROR;
				CLANG_WARN_RANGE_LOOP_ANALYSIS = YES;
				CLANG_WARN_STRICT_PROTOTYPES = YES;
				CLANG_WARN_SUSPICIOUS_MOVE = YES;
				CLANG_WARN_UNGUARDED_AVAILABILITY = YES_AGGRESSIVE;
				CLANG_WARN_UNREACHABLE_CODE = YES;
				CLANG_WARN__DUPLICATE_METHOD_MATCH = YES;
				CODE_SIGN_IDENTITY = "iPhone Developer";
				COPY_PHASE_STRIP = NO;
				DEBUG_INFORMATION_FORMAT = "dwarf-with-dsym";
				ENABLE_NS_ASSERTIONS = NO;
				ENABLE_STRICT_OBJC_MSGSEND = YES;
				GCC_C_LANGUAGE_STANDARD = gnu11;
				GCC_NO_COMMON_BLOCKS = YES;
				GCC_WARN_64_TO_32_BIT_CONVERSION = YES;
				GCC_WARN_ABOUT_RETURN_TYPE = YES_ERROR;
				GCC_WARN_UNDECLARED_SELECTOR = YES;
				GCC_WARN_UNINITIALIZED_AUTOS = YES_AGGRESSIVE;
				GCC_WARN_UNUSED_FUNCTION = YES;
				GCC_WARN_UNUSED_VARIABLE = YES;
				IPHONEOS_DEPLOYMENT_TARGET = 11.3;
				MTL_ENABLE_DEBUG_INFO = NO;
				SDKROOT = iphoneos;
				SWIFT_COMPILATION_MODE = wholemodule;
				SWIFT_OPTIMIZATION_LEVEL = "-O";
				VALIDATE_PRODUCT = YES;
			};
			name = Release;
		};
		E794F85720B6C70F00D96791 /* Debug */ = {
			isa = XCBuildConfiguration;
			baseConfigurationReference = 79B643B4852A31E1BB50AB47 /* Pods-swiftProject.debug.xcconfig */;
			buildSettings = {
				ASSETCATALOG_COMPILER_APPICON_NAME = AppIcon;
				CODE_SIGN_STYLE = Automatic;
				INFOPLIST_FILE = swiftProject/Info.plist;
				IPHONEOS_DEPLOYMENT_TARGET = 8.0;
				LD_RUNPATH_SEARCH_PATHS = "$(inherited) @executable_path/Frameworks";
				PRODUCT_BUNDLE_IDENTIFIER = xxx.swiftProject;
				PRODUCT_NAME = "$(TARGET_NAME)";
				SWIFT_VERSION = 4.0;
				TARGETED_DEVICE_FAMILY = "1,2";
			};
			name = Debug;
		};
		E794F85820B6C70F00D96791 /* Release */ = {
			isa = XCBuildConfiguration;
			baseConfigurationReference = 38981965C313F0D198AD9EAE /* Pods-swiftProject.release.xcconfig */;
			buildSettings = {
				ASSETCATALOG_COMPILER_APPICON_NAME = AppIcon;
				CODE_SIGN_STYLE = Automatic;
				INFOPLIST_FILE = swiftProject/Info.plist;
				IPHONEOS_DEPLOYMENT_TARGET = 8.0;
				LD_RUNPATH_SEARCH_PATHS = "$(inherited) @executable_path/Frameworks";
				PRODUCT_BUNDLE_IDENTIFIER = xxx.swiftProject;
				PRODUCT_NAME = "$(TARGET_NAME)";
				SWIFT_VERSION = 4.0;
				TARGETED_DEVICE_FAMILY = "1,2";
			};
			name = Release;
		};
		E794F85A20B6C70F00D96791 /* Debug */ = {
			isa = XCBuildConfiguration;
			buildSettings = {
				ALWAYS_EMBED_SWIFT_STANDARD_LIBRARIES = YES;
				BUNDLE_LOADER = "$(TEST_HOST)";
				CODE_SIGN_STYLE = Automatic;
				INFOPLIST_FILE = swiftProjectTests/Info.plist;
				LD_RUNPATH_SEARCH_PATHS = "$(inherited) @executable_path/Frameworks @loader_path/Frameworks";
				PRODUCT_BUNDLE_IDENTIFIER = xxx.swiftProjectTests;
				PRODUCT_NAME = "$(TARGET_NAME)";
				SWIFT_VERSION = 4.0;
				TARGETED_DEVICE_FAMILY = "1,2";
				TEST_HOST = "$(BUILT_PRODUCTS_DIR)/swiftProject.app/swiftProject";
			};
			name = Debug;
		};
		E794F85B20B6C70F00D96791 /* Release */ = {
			isa = XCBuildConfiguration;
			buildSettings = {
				ALWAYS_EMBED_SWIFT_STANDARD_LIBRARIES = YES;
				BUNDLE_LOADER = "$(TEST_HOST)";
				CODE_SIGN_STYLE = Automatic;
				INFOPLIST_FILE = swiftProjectTests/Info.plist;
				LD_RUNPATH_SEARCH_PATHS = "$(inherited) @executable_path/Frameworks @loader_path/Frameworks";
				PRODUCT_BUNDLE_IDENTIFIER = xxx.swiftProjectTests;
				PRODUCT_NAME = "$(TARGET_NAME)";
				SWIFT_VERSION = 4.0;
				TARGETED_DEVICE_FAMILY = "1,2";
				TEST_HOST = "$(BUILT_PRODUCTS_DIR)/swiftProject.app/swiftProject";
			};
			name = Release;
		};
		E794F85D20B6C70F00D96791 /* Debug */ = {
			isa = XCBuildConfiguration;
			buildSettings = {
				ALWAYS_EMBED_SWIFT_STANDARD_LIBRARIES = YES;
				CODE_SIGN_STYLE = Automatic;
				INFOPLIST_FILE = swiftProjectUITests/Info.plist;
				LD_RUNPATH_SEARCH_PATHS = "$(inherited) @executable_path/Frameworks @loader_path/Frameworks";
				PRODUCT_BUNDLE_IDENTIFIER = xxx.swiftProjectUITests;
				PRODUCT_NAME = "$(TARGET_NAME)";
				SWIFT_VERSION = 4.0;
				TARGETED_DEVICE_FAMILY = "1,2";
				TEST_TARGET_NAME = swiftProject;
			};
			name = Debug;
		};
		E794F85E20B6C70F00D96791 /* Release */ = {
			isa = XCBuildConfiguration;
			buildSettings = {
				ALWAYS_EMBED_SWIFT_STANDARD_LIBRARIES = YES;
				CODE_SIGN_STYLE = Automatic;
				INFOPLIST_FILE = swiftProjectUITests/Info.plist;
				LD_RUNPATH_SEARCH_PATHS = "$(inherited) @executable_path/Frameworks @loader_path/Frameworks";
				PRODUCT_BUNDLE_IDENTIFIER = xxx.swiftProjectUITests;
				PRODUCT_NAME = "$(TARGET_NAME)";
				SWIFT_VERSION = 4.0;
				TARGETED_DEVICE_FAMILY = "1,2";
				TEST_TARGET_NAME = swiftProject;
			};
			name = Release;
		};
/* End XCBuildConfiguration section */

/* Begin XCConfigurationList section */
		E794F82920B6C70E00D96791 /* Build configuration list for PBXProject "swiftProject" */ = {
			isa = XCConfigurationList;
			buildConfigurations = (
				E794F85420B6C70F00D96791 /* Debug */,
				E794F85520B6C70F00D96791 /* Release */,
			);
			defaultConfigurationIsVisible = 0;
			defaultConfigurationName = Release;
		};
		E794F85620B6C70F00D96791 /* Build configuration list for PBXNativeTarget "swiftProject" */ = {
			isa = XCConfigurationList;
			buildConfigurations = (
				E794F85720B6C70F00D96791 /* Debug */,
				E794F85820B6C70F00D96791 /* Release */,
			);
			defaultConfigurationIsVisible = 0;
			defaultConfigurationName = Release;
		};
		E794F85920B6C70F00D96791 /* Build configuration list for PBXNativeTarget "swiftProjectTests" */ = {
			isa = XCConfigurationList;
			buildConfigurations = (
				E794F85A20B6C70F00D96791 /* Debug */,
				E794F85B20B6C70F00D96791 /* Release */,
			);
			defaultConfigurationIsVisible = 0;
			defaultConfigurationName = Release;
		};
		E794F85C20B6C70F00D96791 /* Build configuration list for PBXNativeTarget "swiftProjectUITests" */ = {
			isa = XCConfigurationList;
			buildConfigurations = (
				E794F85D20B6C70F00D96791 /* Debug */,
				E794F85E20B6C70F00D96791 /* Release */,
			);
			defaultConfigurationIsVisible = 0;
			defaultConfigurationName = Release;
		};
/* End XCConfigurationList section */
	};
	rootObject = E794F82620B6C70E00D96791 /* Project object */;
}
